// !$*UTF8*$!
{
	archiveVersion = 1;
	classes = {
	};
	objectVersion = 77;
	objects = {

/* Begin PBXBuildFile section */
		E81AF63D2D8AED160042985F /* Config.xcconfig in Resources */ = {isa = PBXBuildFile; fileRef = E81AF63C2D8AED160042985F /* Config.xcconfig */; };
/* End PBXBuildFile section */

/* Begin PBXContainerItemProxy section */
		E81AF57F2D8AB8920042985F /* PBXContainerItemProxy */ = {
			isa = PBXContainerItemProxy;
			containerPortal = E81AF5662D8AB8900042985F /* Project object */;
			proxyType = 1;
			remoteGlobalIDString = E81AF56D2D8AB8900042985F;
			remoteInfo = SwiftWeather;
		};
		E81AF5892D8AB8920042985F /* PBXContainerItemProxy */ = {
			isa = PBXContainerItemProxy;
			containerPortal = E81AF5662D8AB8900042985F /* Project object */;
			proxyType = 1;
			remoteGlobalIDString = E81AF56D2D8AB8900042985F;
			remoteInfo = SwiftWeather;
		};
/* End PBXContainerItemProxy section */

/* Begin PBXFileReference section */
		E81AF56E2D8AB8900042985F /* SwiftWeather.app */ = {isa = PBXFileReference; explicitFileType = wrapper.application; includeInIndex = 0; path = SwiftWeather.app; sourceTree = BUILT_PRODUCTS_DIR; };
		E81AF57E2D8AB8920042985F /* SwiftWeatherTests.xctest */ = {isa = PBXFileReference; explicitFileType = wrapper.cfbundle; includeInIndex = 0; path = SwiftWeatherTests.xctest; sourceTree = BUILT_PRODUCTS_DIR; };
		E81AF5882D8AB8920042985F /* SwiftWeatherUITests.xctest */ = {isa = PBXFileReference; explicitFileType = wrapper.cfbundle; includeInIndex = 0; path = SwiftWeatherUITests.xctest; sourceTree = BUILT_PRODUCTS_DIR; };
		E81AF63C2D8AED160042985F /* Config.xcconfig */ = {isa = PBXFileReference; lastKnownFileType = text.xcconfig; path = Config.xcconfig; sourceTree = "<group>"; };
/* End PBXFileReference section */

/* Begin PBXFileSystemSynchronizedBuildFileExceptionSet section */
		E81AF6402D8AED740042985F /* Exceptions for "SwiftWeather" folder in "SwiftWeather" target */ = {
			isa = PBXFileSystemSynchronizedBuildFileExceptionSet;
			membershipExceptions = (
				Info.plist,
			);
			target = E81AF56D2D8AB8900042985F /* SwiftWeather */;
		};
/* End PBXFileSystemSynchronizedBuildFileExceptionSet section */

/* Begin PBXFileSystemSynchronizedRootGroup section */
		E81AF5702D8AB8900042985F /* SwiftWeather */ = {
			isa = PBXFileSystemSynchronizedRootGroup;
			exceptions = (
				E81AF6402D8AED740042985F /* Exceptions for "SwiftWeather" folder in "SwiftWeather" target */,
			);
			path = SwiftWeather;
			sourceTree = "<group>";
		};
		E81AF5812D8AB8920042985F /* SwiftWeatherTests */ = {
			isa = PBXFileSystemSynchronizedRootGroup;
			path = SwiftWeatherTests;
			sourceTree = "<group>";
		};
		E81AF58B2D8AB8920042985F /* SwiftWeatherUITests */ = {
			isa = PBXFileSystemSynchronizedRootGroup;
			path = SwiftWeatherUITests;
			sourceTree = "<group>";
		};
/* End PBXFileSystemSynchronizedRootGroup section */

/* Begin PBXFrameworksBuildPhase section */
		E81AF56B2D8AB8900042985F /* Frameworks */ = {
			isa = PBXFrameworksBuildPhase;
			buildActionMask = 2147483647;
			files = (
			);
			runOnlyForDeploymentPostprocessing = 0;
		};
		E81AF57B2D8AB8920042985F /* Frameworks */ = {
			isa = PBXFrameworksBuildPhase;
			buildActionMask = 2147483647;
			files = (
			);
			runOnlyForDeploymentPostprocessing = 0;
		};
		E81AF5852D8AB8920042985F /* Frameworks */ = {
			isa = PBXFrameworksBuildPhase;
			buildActionMask = 2147483647;
			files = (
			);
			runOnlyForDeploymentPostprocessing = 0;
		};
/* End PBXFrameworksBuildPhase section */

/* Begin PBXGroup section */
		E81AF5652D8AB8900042985F = {
			isa = PBXGroup;
			children = (
				E81AF63C2D8AED160042985F /* Config.xcconfig */,
				E81AF5702D8AB8900042985F /* SwiftWeather */,
				E81AF5812D8AB8920042985F /* SwiftWeatherTests */,
				E81AF58B2D8AB8920042985F /* SwiftWeatherUITests */,
				E81AF56F2D8AB8900042985F /* Products */,
			);
			sourceTree = "<group>";
		};
		E81AF56F2D8AB8900042985F /* Products */ = {
			isa = PBXGroup;
			children = (
				E81AF56E2D8AB8900042985F /* SwiftWeather.app */,
				E81AF57E2D8AB8920042985F /* SwiftWeatherTests.xctest */,
				E81AF5882D8AB8920042985F /* SwiftWeatherUITests.xctest */,
			);
			name = Products;
			sourceTree = "<group>";
		};
/* End PBXGroup section */

/* Begin PBXNativeTarget section */
		E81AF56D2D8AB8900042985F /* SwiftWeather */ = {
			isa = PBXNativeTarget;
			buildConfigurationList = E81AF5922D8AB8920042985F /* Build configuration list for PBXNativeTarget "SwiftWeather" */;
			buildPhases = (
				E81AF56A2D8AB8900042985F /* Sources */,
				E81AF56B2D8AB8900042985F /* Frameworks */,
				E81AF56C2D8AB8900042985F /* Resources */,
				E81AF6412D8B0BA60042985F /* Run Script */,
			);
			buildRules = (
			);
			dependencies = (
			);
			fileSystemSynchronizedGroups = (
				E81AF5702D8AB8900042985F /* SwiftWeather */,
			);
			name = SwiftWeather;
			packageProductDependencies = (
			);
			productName = SwiftWeather;
			productReference = E81AF56E2D8AB8900042985F /* SwiftWeather.app */;
			productType = "com.apple.product-type.application";
		};
		E81AF57D2D8AB8920042985F /* SwiftWeatherTests */ = {
			isa = PBXNativeTarget;
			buildConfigurationList = E81AF5952D8AB8920042985F /* Build configuration list for PBXNativeTarget "SwiftWeatherTests" */;
			buildPhases = (
				E81AF57A2D8AB8920042985F /* Sources */,
				E81AF57B2D8AB8920042985F /* Frameworks */,
				E81AF57C2D8AB8920042985F /* Resources */,
			);
			buildRules = (
			);
			dependencies = (
				E81AF5802D8AB8920042985F /* PBXTargetDependency */,
			);
			fileSystemSynchronizedGroups = (
				E81AF5812D8AB8920042985F /* SwiftWeatherTests */,
			);
			name = SwiftWeatherTests;
			packageProductDependencies = (
			);
			productName = SwiftWeatherTests;
			productReference = E81AF57E2D8AB8920042985F /* SwiftWeatherTests.xctest */;
			productType = "com.apple.product-type.bundle.unit-test";
		};
		E81AF5872D8AB8920042985F /* SwiftWeatherUITests */ = {
			isa = PBXNativeTarget;
			buildConfigurationList = E81AF5982D8AB8920042985F /* Build configuration list for PBXNativeTarget "SwiftWeatherUITests" */;
			buildPhases = (
				E81AF5842D8AB8920042985F /* Sources */,
				E81AF5852D8AB8920042985F /* Frameworks */,
				E81AF5862D8AB8920042985F /* Resources */,
			);
			buildRules = (
			);
			dependencies = (
				E81AF58A2D8AB8920042985F /* PBXTargetDependency */,
			);
			fileSystemSynchronizedGroups = (
				E81AF58B2D8AB8920042985F /* SwiftWeatherUITests */,
			);
			name = SwiftWeatherUITests;
			packageProductDependencies = (
			);
			productName = SwiftWeatherUITests;
			productReference = E81AF5882D8AB8920042985F /* SwiftWeatherUITests.xctest */;
			productType = "com.apple.product-type.bundle.ui-testing";
		};
/* End PBXNativeTarget section */

/* Begin PBXProject section */
		E81AF5662D8AB8900042985F /* Project object */ = {
			isa = PBXProject;
			attributes = {
				BuildIndependentTargetsInParallel = 1;
				LastSwiftUpdateCheck = 1620;
				LastUpgradeCheck = 1620;
				TargetAttributes = {
					E81AF56D2D8AB8900042985F = {
						CreatedOnToolsVersion = 16.2;
					};
					E81AF57D2D8AB8920042985F = {
						CreatedOnToolsVersion = 16.2;
						TestTargetID = E81AF56D2D8AB8900042985F;
					};
					E81AF5872D8AB8920042985F = {
						CreatedOnToolsVersion = 16.2;
						TestTargetID = E81AF56D2D8AB8900042985F;
					};
				};
			};
			buildConfigurationList = E81AF5692D8AB8900042985F /* Build configuration list for PBXProject "SwiftWeather" */;
			developmentRegion = en;
			hasScannedForEncodings = 0;
			knownRegions = (
				en,
				Base,
			);
			mainGroup = E81AF5652D8AB8900042985F;
			minimizedProjectReferenceProxies = 1;
			preferredProjectObjectVersion = 77;
			productRefGroup = E81AF56F2D8AB8900042985F /* Products */;
			projectDirPath = "";
			projectRoot = "";
			targets = (
				E81AF56D2D8AB8900042985F /* SwiftWeather */,
				E81AF57D2D8AB8920042985F /* SwiftWeatherTests */,
				E81AF5872D8AB8920042985F /* SwiftWeatherUITests */,
			);
		};
/* End PBXProject section */

/* Begin PBXResourcesBuildPhase section */
		E81AF56C2D8AB8900042985F /* Resources */ = {
			isa = PBXResourcesBuildPhase;
			buildActionMask = 2147483647;
			files = (
				E81AF63D2D8AED160042985F /* Config.xcconfig in Resources */,
			);
			runOnlyForDeploymentPostprocessing = 0;
		};
		E81AF57C2D8AB8920042985F /* Resources */ = {
			isa = PBXResourcesBuildPhase;
			buildActionMask = 2147483647;
			files = (
			);
			runOnlyForDeploymentPostprocessing = 0;
		};
		E81AF5862D8AB8920042985F /* Resources */ = {
			isa = PBXResourcesBuildPhase;
			buildActionMask = 2147483647;
			files = (
			);
			runOnlyForDeploymentPostprocessing = 0;
		};
/* End PBXResourcesBuildPhase section */

/* Begin PBXShellScriptBuildPhase section */
		E81AF6412D8B0BA60042985F /* Run Script */ = {
			isa = PBXShellScriptBuildPhase;
			alwaysOutOfDate = 1;
			buildActionMask = 2147483647;
			files = (
			);
			inputFileListPaths = (
			);
			inputPaths = (
			);
			name = "Run Script";
			outputFileListPaths = (
			);
			outputPaths = (
			);
			runOnlyForDeploymentPostprocessing = 0;
			shellPath = /bin/sh;
			shellScript = "# Type a script or drag a script file from your workspace to insert its path.\nswiftlint\n";
		};
/* End PBXShellScriptBuildPhase section */

/* Begin PBXSourcesBuildPhase section */
		E81AF56A2D8AB8900042985F /* Sources */ = {
			isa = PBXSourcesBuildPhase;
			buildActionMask = 2147483647;
			files = (
			);
			runOnlyForDeploymentPostprocessing = 0;
		};
		E81AF57A2D8AB8920042985F /* Sources */ = {
			isa = PBXSourcesBuildPhase;
			buildActionMask = 2147483647;
			files = (
			);
			runOnlyForDeploymentPostprocessing = 0;
		};
		E81AF5842D8AB8920042985F /* Sources */ = {
			isa = PBXSourcesBuildPhase;
			buildActionMask = 2147483647;
			files = (
			);
			runOnlyForDeploymentPostprocessing = 0;
		};
/* End PBXSourcesBuildPhase section */

/* Begin PBXTargetDependency section */
		E81AF5802D8AB8920042985F /* PBXTargetDependency */ = {
			isa = PBXTargetDependency;
			target = E81AF56D2D8AB8900042985F /* SwiftWeather */;
			targetProxy = E81AF57F2D8AB8920042985F /* PBXContainerItemProxy */;
		};
		E81AF58A2D8AB8920042985F /* PBXTargetDependency */ = {
			isa = PBXTargetDependency;
			target = E81AF56D2D8AB8900042985F /* SwiftWeather */;
			targetProxy = E81AF5892D8AB8920042985F /* PBXContainerItemProxy */;
		};
/* End PBXTargetDependency section */

/* Begin XCBuildConfiguration section */
		E81AF5902D8AB8920042985F /* Debug */ = {
			isa = XCBuildConfiguration;
			baseConfigurationReference = E81AF63C2D8AED160042985F /* Config.xcconfig */;
			buildSettings = {
				ALWAYS_SEARCH_USER_PATHS = NO;
				ASSETCATALOG_COMPILER_GENERATE_SWIFT_ASSET_SYMBOL_EXTENSIONS = YES;
				CLANG_ANALYZER_NONNULL = YES;
				CLANG_ANALYZER_NUMBER_OBJECT_CONVERSION = YES_AGGRESSIVE;
				CLANG_CXX_LANGUAGE_STANDARD = "gnu++20";
				CLANG_ENABLE_MODULES = YES;
				CLANG_ENABLE_OBJC_ARC = YES;
				CLANG_ENABLE_OBJC_WEAK = YES;
				CLANG_WARN_BLOCK_CAPTURE_AUTORELEASING = YES;
				CLANG_WARN_BOOL_CONVERSION = YES;
				CLANG_WARN_COMMA = YES;
				CLANG_WARN_CONSTANT_CONVERSION = YES;
				CLANG_WARN_DEPRECATED_OBJC_IMPLEMENTATIONS = YES;
				CLANG_WARN_DIRECT_OBJC_ISA_USAGE = YES_ERROR;
				CLANG_WARN_DOCUMENTATION_COMMENTS = YES;
				CLANG_WARN_EMPTY_BODY = YES;
				CLANG_WARN_ENUM_CONVERSION = YES;
				CLANG_WARN_INFINITE_RECURSION = YES;
				CLANG_WARN_INT_CONVERSION = YES;
				CLANG_WARN_NON_LITERAL_NULL_CONVERSION = YES;
				CLANG_WARN_OBJC_IMPLICIT_RETAIN_SELF = YES;
				CLANG_WARN_OBJC_LITERAL_CONVERSION = YES;
				CLANG_WARN_OBJC_ROOT_CLASS = YES_ERROR;
				CLANG_WARN_QUOTED_INCLUDE_IN_FRAMEWORK_HEADER = YES;
				CLANG_WARN_RANGE_LOOP_ANALYSIS = YES;
				CLANG_WARN_STRICT_PROTOTYPES = YES;
				CLANG_WARN_SUSPICIOUS_MOVE = YES;
				CLANG_WARN_UNGUARDED_AVAILABILITY = YES_AGGRESSIVE;
				CLANG_WARN_UNREACHABLE_CODE = YES;
				CLANG_WARN__DUPLICATE_METHOD_MATCH = YES;
				COPY_PHASE_STRIP = NO;
				DEBUG_INFORMATION_FORMAT = dwarf;
				ENABLE_STRICT_OBJC_MSGSEND = YES;
				ENABLE_TESTABILITY = YES;
				ENABLE_USER_SCRIPT_SANDBOXING = YES;
				GCC_C_LANGUAGE_STANDARD = gnu17;
				GCC_DYNAMIC_NO_PIC = NO;
				GCC_NO_COMMON_BLOCKS = YES;
				GCC_OPTIMIZATION_LEVEL = 0;
				GCC_PREPROCESSOR_DEFINITIONS = (
					"DEBUG=1",
					"$(inherited)",
				);
				GCC_WARN_64_TO_32_BIT_CONVERSION = YES;
				GCC_WARN_ABOUT_RETURN_TYPE = YES_ERROR;
				GCC_WARN_UNDECLARED_SELECTOR = YES;
				GCC_WARN_UNINITIALIZED_AUTOS = YES_AGGRESSIVE;
				GCC_WARN_UNUSED_FUNCTION = YES;
				GCC_WARN_UNUSED_VARIABLE = YES;
				IPHONEOS_DEPLOYMENT_TARGET = 18.2;
				LOCALIZATION_PREFERS_STRING_CATALOGS = YES;
				MTL_ENABLE_DEBUG_INFO = INCLUDE_SOURCE;
				MTL_FAST_MATH = YES;
				ONLY_ACTIVE_ARCH = YES;
				SDKROOT = iphoneos;
				SWIFT_ACTIVE_COMPILATION_CONDITIONS = "DEBUG $(inherited)";
				SWIFT_OPTIMIZATION_LEVEL = "-Onone";
			};
			name = Debug;
		};
		E81AF5912D8AB8920042985F /* Release */ = {
			isa = XCBuildConfiguration;
			baseConfigurationReference = E81AF63C2D8AED160042985F /* Config.xcconfig */;
			buildSettings = {
				ALWAYS_SEARCH_USER_PATHS = NO;
				ASSETCATALOG_COMPILER_GENERATE_SWIFT_ASSET_SYMBOL_EXTENSIONS = YES;
				CLANG_ANALYZER_NONNULL = YES;
				CLANG_ANALYZER_NUMBER_OBJECT_CONVERSION = YES_AGGRESSIVE;
				CLANG_CXX_LANGUAGE_STANDARD = "gnu++20";
				CLANG_ENABLE_MODULES = YES;
				CLANG_ENABLE_OBJC_ARC = YES;
				CLANG_ENABLE_OBJC_WEAK = YES;
				CLANG_WARN_BLOCK_CAPTURE_AUTORELEASING = YES;
				CLANG_WARN_BOOL_CONVERSION = YES;
				CLANG_WARN_COMMA = YES;
				CLANG_WARN_CONSTANT_CONVERSION = YES;
				CLANG_WARN_DEPRECATED_OBJC_IMPLEMENTATIONS = YES;
				CLANG_WARN_DIRECT_OBJC_ISA_USAGE = YES_ERROR;
				CLANG_WARN_DOCUMENTATION_COMMENTS = YES;
				CLANG_WARN_EMPTY_BODY = YES;
				CLANG_WARN_ENUM_CONVERSION = YES;
				CLANG_WARN_INFINITE_RECURSION = YES;
				CLANG_WARN_INT_CONVERSION = YES;
				CLANG_WARN_NON_LITERAL_NULL_CONVERSION = YES;
				CLANG_WARN_OBJC_IMPLICIT_RETAIN_SELF = YES;
				CLANG_WARN_OBJC_LITERAL_CONVERSION = YES;
				CLANG_WARN_OBJC_ROOT_CLASS = YES_ERROR;
				CLANG_WARN_QUOTED_INCLUDE_IN_FRAMEWORK_HEADER = YES;
				CLANG_WARN_RANGE_LOOP_ANALYSIS = YES;
				CLANG_WARN_STRICT_PROTOTYPES = YES;
				CLANG_WARN_SUSPICIOUS_MOVE = YES;
				CLANG_WARN_UNGUARDED_AVAILABILITY = YES_AGGRESSIVE;
				CLANG_WARN_UNREACHABLE_CODE = YES;
				CLANG_WARN__DUPLICATE_METHOD_MATCH = YES;
				COPY_PHASE_STRIP = NO;
				DEBUG_INFORMATION_FORMAT = "dwarf-with-dsym";
				ENABLE_NS_ASSERTIONS = NO;
				ENABLE_STRICT_OBJC_MSGSEND = YES;
				ENABLE_USER_SCRIPT_SANDBOXING = YES;
				GCC_C_LANGUAGE_STANDARD = gnu17;
				GCC_NO_COMMON_BLOCKS = YES;
				GCC_WARN_64_TO_32_BIT_CONVERSION = YES;
				GCC_WARN_ABOUT_RETURN_TYPE = YES_ERROR;
				GCC_WARN_UNDECLARED_SELECTOR = YES;
				GCC_WARN_UNINITIALIZED_AUTOS = YES_AGGRESSIVE;
				GCC_WARN_UNUSED_FUNCTION = YES;
				GCC_WARN_UNUSED_VARIABLE = YES;
				IPHONEOS_DEPLOYMENT_TARGET = 18.2;
				LOCALIZATION_PREFERS_STRING_CATALOGS = YES;
				MTL_ENABLE_DEBUG_INFO = NO;
				MTL_FAST_MATH = YES;
				SDKROOT = iphoneos;
				SWIFT_COMPILATION_MODE = wholemodule;
				VALIDATE_PRODUCT = YES;
			};
			name = Release;
		};
		E81AF5932D8AB8920042985F /* Debug */ = {
			isa = XCBuildConfiguration;
			baseConfigurationReference = E81AF63C2D8AED160042985F /* Config.xcconfig */;
			buildSettings = {
				ASSETCATALOG_COMPILER_APPICON_NAME = AppIcon;
				ASSETCATALOG_COMPILER_GLOBAL_ACCENT_COLOR_NAME = AccentColor;
				CODE_SIGN_STYLE = Automatic;
				CURRENT_PROJECT_VERSION = 1;
				DEVELOPMENT_TEAM = 74RWVTYMM3;
				ENABLE_PREVIEWS = YES;
				ENABLE_USER_SCRIPT_SANDBOXING = NO;
				GENERATE_INFOPLIST_FILE = YES;
				INFOPLIST_FILE = SwiftWeather/Info.plist;
				INFOPLIST_KEY_NSLocationWhenInUseUsageDescription = "Tarttee sijainnin tosiaan";
				INFOPLIST_KEY_UIApplicationSceneManifest_Generation = YES;
				INFOPLIST_KEY_UIApplicationSupportsIndirectInputEvents = YES;
				INFOPLIST_KEY_UILaunchScreen_Generation = YES;
				INFOPLIST_KEY_UISupportedInterfaceOrientations_iPad = "UIInterfaceOrientationPortrait UIInterfaceOrientationPortraitUpsideDown UIInterfaceOrientationLandscapeLeft UIInterfaceOrientationLandscapeRight";
				INFOPLIST_KEY_UISupportedInterfaceOrientations_iPhone = "UIInterfaceOrientationPortrait UIInterfaceOrientationLandscapeLeft UIInterfaceOrientationLandscapeRight";
				LD_RUNPATH_SEARCH_PATHS = (
					"$(inherited)",
					"@executable_path/Frameworks",
				);
				MARKETING_VERSION = 1.0;
				PRODUCT_BUNDLE_IDENTIFIER = com.jpitkanen.SwiftWeather;
				PRODUCT_NAME = "$(TARGET_NAME)";
				SWIFT_EMIT_LOC_STRINGS = YES;
				SWIFT_VERSION = 5.0;
				TARGETED_DEVICE_FAMILY = "1,2";
			};
			name = Debug;
		};
		E81AF5942D8AB8920042985F /* Release */ = {
			isa = XCBuildConfiguration;
			baseConfigurationReference = E81AF63C2D8AED160042985F /* Config.xcconfig */;
			buildSettings = {
				ASSETCATALOG_COMPILER_APPICON_NAME = AppIcon;
				ASSETCATALOG_COMPILER_GLOBAL_ACCENT_COLOR_NAME = AccentColor;
				CODE_SIGN_STYLE = Automatic;
				CURRENT_PROJECT_VERSION = 1;
				DEVELOPMENT_TEAM = 74RWVTYMM3;
				ENABLE_PREVIEWS = YES;
				ENABLE_USER_SCRIPT_SANDBOXING = NO;
				GENERATE_INFOPLIST_FILE = YES;
				INFOPLIST_FILE = SwiftWeather/Info.plist;
				INFOPLIST_KEY_NSLocationWhenInUseUsageDescription = "Tarttee sijainnin tosiaan";
				INFOPLIST_KEY_UIApplicationSceneManifest_Generation = YES;
				INFOPLIST_KEY_UIApplicationSupportsIndirectInputEvents = YES;
				INFOPLIST_KEY_UILaunchScreen_Generation = YES;
				INFOPLIST_KEY_UISupportedInterfaceOrientations_iPad = "UIInterfaceOrientationPortrait UIInterfaceOrientationPortraitUpsideDown UIInterfaceOrientationLandscapeLeft UIInterfaceOrientationLandscapeRight";
				INFOPLIST_KEY_UISupportedInterfaceOrientations_iPhone = "UIInterfaceOrientationPortrait UIInterfaceOrientationLandscapeLeft UIInterfaceOrientationLandscapeRight";
				LD_RUNPATH_SEARCH_PATHS = (
					"$(inherited)",
					"@executable_path/Frameworks",
				);
				MARKETING_VERSION = 1.0;
				PRODUCT_BUNDLE_IDENTIFIER = com.jpitkanen.SwiftWeather;
				PRODUCT_NAME = "$(TARGET_NAME)";
				SWIFT_EMIT_LOC_STRINGS = YES;
				SWIFT_VERSION = 5.0;
				TARGETED_DEVICE_FAMILY = "1,2";
			};
			name = Release;
		};
		E81AF5962D8AB8920042985F /* Debug */ = {
			isa = XCBuildConfiguration;
			baseConfigurationReference = E81AF63C2D8AED160042985F /* Config.xcconfig */;
			buildSettings = {
				BUNDLE_LOADER = "$(TEST_HOST)";
				CODE_SIGN_STYLE = Automatic;
				CURRENT_PROJECT_VERSION = 1;
				DEVELOPMENT_TEAM = 74RWVTYMM3;
				GENERATE_INFOPLIST_FILE = YES;
				IPHONEOS_DEPLOYMENT_TARGET = 18.2;
				MARKETING_VERSION = 1.0;
				PRODUCT_BUNDLE_IDENTIFIER = com.jpitkanen.SwiftWeatherTests;
				PRODUCT_NAME = "$(TARGET_NAME)";
				SWIFT_EMIT_LOC_STRINGS = NO;
				SWIFT_VERSION = 5.0;
				TARGETED_DEVICE_FAMILY = "1,2";
				TEST_HOST = "$(BUILT_PRODUCTS_DIR)/SwiftWeather.app/$(BUNDLE_EXECUTABLE_FOLDER_PATH)/SwiftWeather";
			};
			name = Debug;
		};
		E81AF5972D8AB8920042985F /* Release */ = {
			isa = XCBuildConfiguration;
			baseConfigurationReference = E81AF63C2D8AED160042985F /* Config.xcconfig */;
			buildSettings = {
				BUNDLE_LOADER = "$(TEST_HOST)";
				CODE_SIGN_STYLE = Automatic;
				CURRENT_PROJECT_VERSION = 1;
				DEVELOPMENT_TEAM = 74RWVTYMM3;
				GENERATE_INFOPLIST_FILE = YES;
				IPHONEOS_DEPLOYMENT_TARGET = 18.2;
				MARKETING_VERSION = 1.0;
				PRODUCT_BUNDLE_IDENTIFIER = com.jpitkanen.SwiftWeatherTests;
				PRODUCT_NAME = "$(TARGET_NAME)";
				SWIFT_EMIT_LOC_STRINGS = NO;
				SWIFT_VERSION = 5.0;
				TARGETED_DEVICE_FAMILY = "1,2";
				TEST_HOST = "$(BUILT_PRODUCTS_DIR)/SwiftWeather.app/$(BUNDLE_EXECUTABLE_FOLDER_PATH)/SwiftWeather";
			};
			name = Release;
		};
		E81AF5992D8AB8920042985F /* Debug */ = {
			isa = XCBuildConfiguration;
			baseConfigurationReference = E81AF63C2D8AED160042985F /* Config.xcconfig */;
			buildSettings = {
				CODE_SIGN_STYLE = Automatic;
				CURRENT_PROJECT_VERSION = 1;
				DEVELOPMENT_TEAM = 74RWVTYMM3;
				GENERATE_INFOPLIST_FILE = YES;
				MARKETING_VERSION = 1.0;
				PRODUCT_BUNDLE_IDENTIFIER = com.jpitkanen.SwiftWeatherUITests;
				PRODUCT_NAME = "$(TARGET_NAME)";
				SWIFT_EMIT_LOC_STRINGS = NO;
				SWIFT_VERSION = 5.0;
				TARGETED_DEVICE_FAMILY = "1,2";
				TEST_TARGET_NAME = SwiftWeather;
			};
			name = Debug;
		};
		E81AF59A2D8AB8920042985F /* Release */ = {
			isa = XCBuildConfiguration;
			baseConfigurationReference = E81AF63C2D8AED160042985F /* Config.xcconfig */;
			buildSettings = {
				CODE_SIGN_STYLE = Automatic;
				CURRENT_PROJECT_VERSION = 1;
				DEVELOPMENT_TEAM = 74RWVTYMM3;
				GENERATE_INFOPLIST_FILE = YES;
				MARKETING_VERSION = 1.0;
				PRODUCT_BUNDLE_IDENTIFIER = com.jpitkanen.SwiftWeatherUITests;
				PRODUCT_NAME = "$(TARGET_NAME)";
				SWIFT_EMIT_LOC_STRINGS = NO;
				SWIFT_VERSION = 5.0;
				TARGETED_DEVICE_FAMILY = "1,2";
				TEST_TARGET_NAME = SwiftWeather;
			};
			name = Release;
		};
/* End XCBuildConfiguration section */

/* Begin XCConfigurationList section */
		E81AF5692D8AB8900042985F /* Build configuration list for PBXProject "SwiftWeather" */ = {
			isa = XCConfigurationList;
			buildConfigurations = (
				E81AF5902D8AB8920042985F /* Debug */,
				E81AF5912D8AB8920042985F /* Release */,
			);
			defaultConfigurationIsVisible = 0;
			defaultConfigurationName = Release;
		};
		E81AF5922D8AB8920042985F /* Build configuration list for PBXNativeTarget "SwiftWeather" */ = {
			isa = XCConfigurationList;
			buildConfigurations = (
				E81AF5932D8AB8920042985F /* Debug */,
				E81AF5942D8AB8920042985F /* Release */,
			);
			defaultConfigurationIsVisible = 0;
			defaultConfigurationName = Release;
		};
		E81AF5952D8AB8920042985F /* Build configuration list for PBXNativeTarget "SwiftWeatherTests" */ = {
			isa = XCConfigurationList;
			buildConfigurations = (
				E81AF5962D8AB8920042985F /* Debug */,
				E81AF5972D8AB8920042985F /* Release */,
			);
			defaultConfigurationIsVisible = 0;
			defaultConfigurationName = Release;
		};
		E81AF5982D8AB8920042985F /* Build configuration list for PBXNativeTarget "SwiftWeatherUITests" */ = {
			isa = XCConfigurationList;
			buildConfigurations = (
				E81AF5992D8AB8920042985F /* Debug */,
				E81AF59A2D8AB8920042985F /* Release */,
			);
			defaultConfigurationIsVisible = 0;
			defaultConfigurationName = Release;
		};
/* End XCConfigurationList section */
	};
	rootObject = E81AF5662D8AB8900042985F /* Project object */;
}
